
Microsoft Visual Studio Solution File, Format Version 12.00
# Visual Studio 15
VisualStudioVersion = 15.0.27703.2018
MinimumVisualStudioVersion = 10.0.40219.1
Project("{FAE04EC0-301F-11D3-BF4B-00C04F79EFBC}") = "Memores.NetAPMAgent", "Memores.NetAPMAgent\Memores.NetAPMAgent.csproj", "{06F2428E-4EF4-4A31-9CEA-EB86950A961D}"
EndProject
Global
	GlobalSection(SolutionConfigurationPlatforms) = preSolution
		Debug|Any CPU = Debug|Any CPU
		Release|Any CPU = Release|Any CPU
	EndGlobalSection
	GlobalSection(ProjectConfigurationPlatforms) = postSolution
		{06F2428E-4EF4-4A31-9CEA-EB86950A961D}.Debug|Any CPU.ActiveCfg = Debug|Any CPU
		{06F2428E-4EF4-4A31-9CEA-EB86950A961D}.Debug|Any CPU.Build.0 = Debug|Any CPU
		{06F2428E-4EF4-4A31-9CEA-EB86950A961D}.Release|Any CPU.ActiveCfg = Release|Any CPU
		{06F2428E-4EF4-4A31-9CEA-EB86950A961D}.Release|Any CPU.Build.0 = Release|Any CPU
	EndGlobalSection
	GlobalSection(SolutionProperties) = preSolution
		HideSolutionNode = FALSE
	EndGlobalSection
	GlobalSection(ExtensibilityGlobals) = postSolution
		SolutionGuid = {26FCF88F-FFA1-412C-9C02-6A030DD9DA01}
	EndGlobalSection
EndGlobal
